
Microsoft Visual Studio Solution File, Format Version 11.00
# Visual Studio 2010
Project("{FAE04EC0-301F-11D3-BF4B-00C04F79EFBC}") = "Bonch.Domain", "Bonch.Domain\Bonch.Domain.csproj", "{DB5B82D6-A1B2-4E64-9DF5-66672D56E334}"
EndProject
Project("{FAE04EC0-301F-11D3-BF4B-00C04F79EFBC}") = "Bonch.WebUI", "Bonch.WebUI\Bonch.WebUI.csproj", "{1DB530BD-E1F6-481B-9F43-CAAB511E8E18}"
EndProject
Project("{FAE04EC0-301F-11D3-BF4B-00C04F79EFBC}") = "Bonch.Security", "Bonch.Security\Bonch.Security.csproj", "{B249F0E7-B639-4C58-A3F4-C582381E3A34}"
EndProject
Project("{FAE04EC0-301F-11D3-BF4B-00C04F79EFBC}") = "Bonch.MinUI", "Bonch.MinUI\Bonch.MinUI.csproj", "{B10FE566-0C11-447E-9542-EFE3190D3F95}"
EndProject
Project("{2150E333-8FDC-42A3-9474-1A3956D46DE8}") = "Ministry", "Ministry", "{3D59F1A4-3585-4894-8CF5-F24E96B37B55}"
EndProject
Project("{FAE04EC0-301F-11D3-BF4B-00C04F79EFBC}") = "MinStat.DAL", "MinStat.DAL\MinStat.DAL.csproj", "{E4F51377-987F-4326-BC66-538C8D1AD2E0}"
EndProject
Project("{FAE04EC0-301F-11D3-BF4B-00C04F79EFBC}") = "MinStat.BLL", "MinStat.BLL\MinStat.BLL.csproj", "{93ECADCE-1F20-4F64-BFD5-2D96A6F8245E}"
EndProject
Project("{FAE04EC0-301F-11D3-BF4B-00C04F79EFBC}") = "MinStat.BLL.IISHosting", "MinStat.BLL.IISHosting\MinStat.BLL.IISHosting.csproj", "{C3510B5B-840F-4651-8408-C0F85793321B}"
EndProject
Project("{FAE04EC0-301F-11D3-BF4B-00C04F79EFBC}") = "MinStat.AnalizeUI", "MinStat.AnalizeUI\MinStat.AnalizeUI.csproj", "{1BC73A96-6AC1-49E1-B9A5-B62772922F79}"
	ProjectSection(ProjectDependencies) = postProject
		{C3510B5B-840F-4651-8408-C0F85793321B} = {C3510B5B-840F-4651-8408-C0F85793321B}
	EndProjectSection
EndProject
Project("{2150E333-8FDC-42A3-9474-1A3956D46DE8}") = "Enterprises", "Enterprises", "{606D9A6A-FBCF-47F1-A8B1-239ECCBDB7D7}"
EndProject
Project("{FAE04EC0-301F-11D3-BF4B-00C04F79EFBC}") = "MinStat.Enterprises.DAL", "Bonch.DAL\MinStat.Enterprises.DAL.csproj", "{F5F98192-E32F-42A2-ADF9-099A0CCB3C46}"
EndProject
Project("{FAE04EC0-301F-11D3-BF4B-00C04F79EFBC}") = "MinStat.Enterprises.WebUI", "MinStat.Enterprises.WebUI\MinStat.Enterprises.WebUI.csproj", "{0148C348-0379-41AE-9832-47D102AD134E}"
EndProject
Global
	GlobalSection(SolutionConfigurationPlatforms) = preSolution
		Debug|Any CPU = Debug|Any CPU
		Release|Any CPU = Release|Any CPU
	EndGlobalSection
	GlobalSection(ProjectConfigurationPlatforms) = postSolution
		{DB5B82D6-A1B2-4E64-9DF5-66672D56E334}.Debug|Any CPU.ActiveCfg = Debug|Any CPU
		{DB5B82D6-A1B2-4E64-9DF5-66672D56E334}.Debug|Any CPU.Build.0 = Debug|Any CPU
		{DB5B82D6-A1B2-4E64-9DF5-66672D56E334}.Release|Any CPU.ActiveCfg = Release|Any CPU
		{DB5B82D6-A1B2-4E64-9DF5-66672D56E334}.Release|Any CPU.Build.0 = Release|Any CPU
		{1DB530BD-E1F6-481B-9F43-CAAB511E8E18}.Debug|Any CPU.ActiveCfg = Debug|Any CPU
		{1DB530BD-E1F6-481B-9F43-CAAB511E8E18}.Debug|Any CPU.Build.0 = Debug|Any CPU
		{1DB530BD-E1F6-481B-9F43-CAAB511E8E18}.Release|Any CPU.ActiveCfg = Release|Any CPU
		{1DB530BD-E1F6-481B-9F43-CAAB511E8E18}.Release|Any CPU.Build.0 = Release|Any CPU
		{B249F0E7-B639-4C58-A3F4-C582381E3A34}.Debug|Any CPU.ActiveCfg = Debug|Any CPU
		{B249F0E7-B639-4C58-A3F4-C582381E3A34}.Debug|Any CPU.Build.0 = Debug|Any CPU
		{B249F0E7-B639-4C58-A3F4-C582381E3A34}.Release|Any CPU.ActiveCfg = Release|Any CPU
		{B249F0E7-B639-4C58-A3F4-C582381E3A34}.Release|Any CPU.Build.0 = Release|Any CPU
		{B10FE566-0C11-447E-9542-EFE3190D3F95}.Debug|Any CPU.ActiveCfg = Debug|Any CPU
		{B10FE566-0C11-447E-9542-EFE3190D3F95}.Debug|Any CPU.Build.0 = Debug|Any CPU
		{B10FE566-0C11-447E-9542-EFE3190D3F95}.Release|Any CPU.ActiveCfg = Release|Any CPU
		{B10FE566-0C11-447E-9542-EFE3190D3F95}.Release|Any CPU.Build.0 = Release|Any CPU
		{E4F51377-987F-4326-BC66-538C8D1AD2E0}.Debug|Any CPU.ActiveCfg = Debug|Any CPU
		{E4F51377-987F-4326-BC66-538C8D1AD2E0}.Debug|Any CPU.Build.0 = Debug|Any CPU
		{E4F51377-987F-4326-BC66-538C8D1AD2E0}.Release|Any CPU.ActiveCfg = Release|Any CPU
		{E4F51377-987F-4326-BC66-538C8D1AD2E0}.Release|Any CPU.Build.0 = Release|Any CPU
		{93ECADCE-1F20-4F64-BFD5-2D96A6F8245E}.Debug|Any CPU.ActiveCfg = Debug|Any CPU
		{93ECADCE-1F20-4F64-BFD5-2D96A6F8245E}.Debug|Any CPU.Build.0 = Debug|Any CPU
		{93ECADCE-1F20-4F64-BFD5-2D96A6F8245E}.Release|Any CPU.ActiveCfg = Release|Any CPU
		{93ECADCE-1F20-4F64-BFD5-2D96A6F8245E}.Release|Any CPU.Build.0 = Release|Any CPU
		{C3510B5B-840F-4651-8408-C0F85793321B}.Debug|Any CPU.ActiveCfg = Debug|Any CPU
		{C3510B5B-840F-4651-8408-C0F85793321B}.Debug|Any CPU.Build.0 = Debug|Any CPU
		{C3510B5B-840F-4651-8408-C0F85793321B}.Release|Any CPU.ActiveCfg = Release|Any CPU
		{C3510B5B-840F-4651-8408-C0F85793321B}.Release|Any CPU.Build.0 = Release|Any CPU
		{1BC73A96-6AC1-49E1-B9A5-B62772922F79}.Debug|Any CPU.ActiveCfg = Debug|Any CPU
		{1BC73A96-6AC1-49E1-B9A5-B62772922F79}.Debug|Any CPU.Build.0 = Debug|Any CPU
		{1BC73A96-6AC1-49E1-B9A5-B62772922F79}.Release|Any CPU.ActiveCfg = Release|Any CPU
		{1BC73A96-6AC1-49E1-B9A5-B62772922F79}.Release|Any CPU.Build.0 = Release|Any CPU
		{F5F98192-E32F-42A2-ADF9-099A0CCB3C46}.Debug|Any CPU.ActiveCfg = Debug|Any CPU
		{F5F98192-E32F-42A2-ADF9-099A0CCB3C46}.Debug|Any CPU.Build.0 = Debug|Any CPU
		{F5F98192-E32F-42A2-ADF9-099A0CCB3C46}.Release|Any CPU.ActiveCfg = Release|Any CPU
		{F5F98192-E32F-42A2-ADF9-099A0CCB3C46}.Release|Any CPU.Build.0 = Release|Any CPU
		{0148C348-0379-41AE-9832-47D102AD134E}.Debug|Any CPU.ActiveCfg = Debug|Any CPU
		{0148C348-0379-41AE-9832-47D102AD134E}.Debug|Any CPU.Build.0 = Debug|Any CPU
		{0148C348-0379-41AE-9832-47D102AD134E}.Release|Any CPU.ActiveCfg = Release|Any CPU
		{0148C348-0379-41AE-9832-47D102AD134E}.Release|Any CPU.Build.0 = Release|Any CPU
	EndGlobalSection
	GlobalSection(SolutionProperties) = preSolution
		HideSolutionNode = FALSE
	EndGlobalSection
	GlobalSection(NestedProjects) = preSolution
		{E4F51377-987F-4326-BC66-538C8D1AD2E0} = {3D59F1A4-3585-4894-8CF5-F24E96B37B55}
		{93ECADCE-1F20-4F64-BFD5-2D96A6F8245E} = {3D59F1A4-3585-4894-8CF5-F24E96B37B55}
		{C3510B5B-840F-4651-8408-C0F85793321B} = {3D59F1A4-3585-4894-8CF5-F24E96B37B55}
		{1BC73A96-6AC1-49E1-B9A5-B62772922F79} = {3D59F1A4-3585-4894-8CF5-F24E96B37B55}
		{F5F98192-E32F-42A2-ADF9-099A0CCB3C46} = {606D9A6A-FBCF-47F1-A8B1-239ECCBDB7D7}
		{0148C348-0379-41AE-9832-47D102AD134E} = {606D9A6A-FBCF-47F1-A8B1-239ECCBDB7D7}
	EndGlobalSection
EndGlobal
